
Microsoft Visual Studio Solution File, Format Version 12.00
# Visual Studio 15
VisualStudioVersion = 15.0.27130.2027
MinimumVisualStudioVersion = 10.0.40219.1
Project("{FAE04EC0-301F-11D3-BF4B-00C04F79EFBC}") = "AttributesSample", "AttributesSample\AttributesSample.csproj", "{FC91D4CF-CC17-4656-BA3C-E3635553F24F}"
EndProject
Project("{FAE04EC0-301F-11D3-BF4B-00C04F79EFBC}") = "GHDetector", "GHDetector\GHDetector.csproj", "{5C112FC4-3533-4074-8FC6-8F1B65F2A38F}"
EndProject
Global
	GlobalSection(SolutionConfigurationPlatforms) = preSolution
		Debug|Any CPU = Debug|Any CPU
		Release|Any CPU = Release|Any CPU
	EndGlobalSection
	GlobalSection(ProjectConfigurationPlatforms) = postSolution
		{FC91D4CF-CC17-4656-BA3C-E3635553F24F}.Debug|Any CPU.ActiveCfg = Debug|Any CPU
		{FC91D4CF-CC17-4656-BA3C-E3635553F24F}.Debug|Any CPU.Build.0 = Debug|Any CPU
		{FC91D4CF-CC17-4656-BA3C-E3635553F24F}.Release|Any CPU.ActiveCfg = Release|Any CPU
		{FC91D4CF-CC17-4656-BA3C-E3635553F24F}.Release|Any CPU.Build.0 = Release|Any CPU
		{5C112FC4-3533-4074-8FC6-8F1B65F2A38F}.Debug|Any CPU.ActiveCfg = Debug|Any CPU
		{5C112FC4-3533-4074-8FC6-8F1B65F2A38F}.Debug|Any CPU.Build.0 = Debug|Any CPU
		{5C112FC4-3533-4074-8FC6-8F1B65F2A38F}.Release|Any CPU.ActiveCfg = Release|Any CPU
		{5C112FC4-3533-4074-8FC6-8F1B65F2A38F}.Release|Any CPU.Build.0 = Release|Any CPU
	EndGlobalSection
	GlobalSection(SolutionProperties) = preSolution
		HideSolutionNode = FALSE
	EndGlobalSection
	GlobalSection(ExtensibilityGlobals) = postSolution
		SolutionGuid = {59C597E7-0D90-4E95-B15D-5A208EEE4C0F}
	EndGlobalSection
EndGlobal
